
Microsoft Visual Studio Solution File, Format Version 12.00
# Visual Studio Version 17
VisualStudioVersion = 17.8.34511.84
MinimumVisualStudioVersion = 10.0.40219.1
Project("{9A19103F-16F7-4668-BE54-9A1E7A4F7556}") = "ShopEcommerce.Domain", "src\ShopEcommerce.Domain\ShopEcommerce.Domain.csproj", "{554AD327-6DBA-4F8F-96F8-81CE7A0C863F}"
EndProject
Project("{9A19103F-16F7-4668-BE54-9A1E7A4F7556}") = "ShopEcommerce.EntityFrameworkCore", "src\ShopEcommerce.EntityFrameworkCore\ShopEcommerce.EntityFrameworkCore.csproj", "{C956DD76-69C8-4A9C-83EA-D17DF83340FD}"
EndProject
Project("{2150E333-8FDC-42A3-9474-1A3956D46DE8}") = "src", "src", "{CA9AC87F-097E-4F15-8393-4BC07735A5B0}"
EndProject
Project("{2150E333-8FDC-42A3-9474-1A3956D46DE8}") = "test", "test", "{04DBDB01-70F4-4E06-B468-8F87850B22BE}"
EndProject
Project("{9A19103F-16F7-4668-BE54-9A1E7A4F7556}") = "ShopEcommerce.Domain.Shared", "src\ShopEcommerce.Domain.Shared\ShopEcommerce.Domain.Shared.csproj", "{42F719ED-8413-4895-B5B4-5AB56079BC66}"
EndProject
Project("{9A19103F-16F7-4668-BE54-9A1E7A4F7556}") = "ShopEcommerce.AuthServer", "src\ShopEcommerce.AuthServer\ShopEcommerce.AuthServer.csproj", "{073C361E-B8F4-49F5-93CC-72A3FF49C026}"
EndProject
Project("{9A19103F-16F7-4668-BE54-9A1E7A4F7556}") = "ShopEcommerce.EntityFrameworkCore.Tests", "test\ShopEcommerce.EntityFrameworkCore.Tests\ShopEcommerce.EntityFrameworkCore.Tests.csproj", "{1FE30EB9-74A9-47F5-A9F6-7B1FAB672D81}"
EndProject
Project("{9A19103F-16F7-4668-BE54-9A1E7A4F7556}") = "ShopEcommerce.TestBase", "test\ShopEcommerce.TestBase\ShopEcommerce.TestBase.csproj", "{91853F21-9CD9-4132-BC29-A7D5D84FFFE7}"
EndProject
Project("{9A19103F-16F7-4668-BE54-9A1E7A4F7556}") = "ShopEcommerce.DbMigrator", "src\ShopEcommerce.DbMigrator\ShopEcommerce.DbMigrator.csproj", "{AA94D832-1CCC-4715-95A9-A483F23A1A5D}"
EndProject
Project("{2150E333-8FDC-42A3-9474-1A3956D46DE8}") = "admin", "admin", "{BCA7451E-E431-4833-A9D6-AE09D89BBE66}"
EndProject
Project("{2150E333-8FDC-42A3-9474-1A3956D46DE8}") = "public", "public", "{11991540-09AB-4B25-BD83-EEE12A54C2E4}"
EndProject
Project("{2150E333-8FDC-42A3-9474-1A3956D46DE8}") = "common", "common", "{3E459F9E-9336-412A-941C-5EAB20550AC0}"
EndProject
Project("{2150E333-8FDC-42A3-9474-1A3956D46DE8}") = "domain", "domain", "{D7EF26A8-A88F-42C6-9840-85D8598799E9}"
EndProject
Project("{2150E333-8FDC-42A3-9474-1A3956D46DE8}") = "infrastructure", "infrastructure", "{F50F665B-4929-4CC1-8B0B-D1F34F99F8D2}"
EndProject
Project("{2150E333-8FDC-42A3-9474-1A3956D46DE8}") = "auth", "auth", "{78BE8CE2-C55E-4A35-BD41-2D04BD158FF4}"
EndProject
Project("{9A19103F-16F7-4668-BE54-9A1E7A4F7556}") = "ShopEcommerce.Admin.Application", "src\ShopEcommerce.Admin.Application\ShopEcommerce.Admin.Application.csproj", "{4587AF56-7F34-4F80-81E7-117AD082CB8D}"
EndProject
Project("{9A19103F-16F7-4668-BE54-9A1E7A4F7556}") = "ShopEcommerce.Admin.Application.Contracts", "src\ShopEcommerce.Admin.Application.Contracts\ShopEcommerce.Admin.Application.Contracts.csproj", "{0AF7E7F0-7F93-495B-8E0A-CE2C572FE522}"
EndProject
Project("{9A19103F-16F7-4668-BE54-9A1E7A4F7556}") = "ShopEcommerce.Admin.HttpApi", "src\ShopEcommerce.Admin.HttpApi\ShopEcommerce.Admin.HttpApi.csproj", "{E3DED9B2-7852-4E00-9729-D13640690462}"
EndProject
Project("{9A19103F-16F7-4668-BE54-9A1E7A4F7556}") = "ShopEcommerce.Admin.HttpApi.Client", "src\ShopEcommerce.Admin.HttpApi.Client\ShopEcommerce.Admin.HttpApi.Client.csproj", "{6A4A1EFB-DB42-416A-9EDA-4407F691365A}"
EndProject
Project("{9A19103F-16F7-4668-BE54-9A1E7A4F7556}") = "ShopEcommerce.Admin.HttpApi.Host", "src\ShopEcommerce.Admin.HttpApi.Host\ShopEcommerce.Admin.HttpApi.Host.csproj", "{32EFE6D9-9EC2-45F4-9520-4A60AF750D0A}"
EndProject
Project("{2150E333-8FDC-42A3-9474-1A3956D46DE8}") = "public", "public", "{A243C6DA-8273-4702-BA8C-EE516B2FE808}"
EndProject
Project("{2150E333-8FDC-42A3-9474-1A3956D46DE8}") = "admin", "admin", "{2DDBE507-AEF5-4B18-A628-2A0916A88539}"
EndProject
Project("{9A19103F-16F7-4668-BE54-9A1E7A4F7556}") = "ShopEcommerce.Admin.Application.Tests", "test\ShopEcommerce.Admin.Application.Tests\ShopEcommerce.Admin.Application.Tests.csproj", "{24DE0BAB-CB8E-47E9-9407-6ADBB52E850D}"
EndProject
Project("{9A19103F-16F7-4668-BE54-9A1E7A4F7556}") = "ShopEcommerce.Admin.HttpApi.Client.ConsoleTestApp", "test\ShopEcommerce.Admin.HttpApi.Client.ConsoleTestApp\ShopEcommerce.Admin.HttpApi.Client.ConsoleTestApp.csproj", "{1C81B0DE-6778-49A8-8D51-6081636A7B8C}"
EndProject
Project("{2150E333-8FDC-42A3-9474-1A3956D46DE8}") = "shared", "shared", "{AADC2997-0B91-4EB0-9668-2D9EBC23CF17}"
EndProject
Project("{9A19103F-16F7-4668-BE54-9A1E7A4F7556}") = "ShopEcommerce.Public.Application.Tests", "test\ShopEcommerce.Public.Application.Tests\ShopEcommerce.Public.Application.Tests.csproj", "{7B16593D-9237-401E-8D5A-97A6C689B427}"
EndProject
Project("{9A19103F-16F7-4668-BE54-9A1E7A4F7556}") = "ShopEcommerce.Public.HttpApi.Client.ConsoleTestApp", "test\ShopEcommerce.Public.HttpApi.Client.ConsoleTestApp\ShopEcommerce.Public.HttpApi.Client.ConsoleTestApp.csproj", "{11982879-E202-4509-A16B-5B33FEA812A8}"
EndProject
Project("{9A19103F-16F7-4668-BE54-9A1E7A4F7556}") = "ShopEcommerce.Public.Application", "src\ShopEcommerce.Public.Application\ShopEcommerce.Public.Application.csproj", "{A7E8C5BA-E282-4051-B0EF-7DA946FA0457}"
EndProject
Project("{9A19103F-16F7-4668-BE54-9A1E7A4F7556}") = "ShopEcommerce.Public.Application.Contracts", "src\ShopEcommerce.Public.Application.Contracts\ShopEcommerce.Public.Application.Contracts.csproj", "{6EC56651-6F25-4894-91D5-87698C4E8273}"
EndProject
Project("{9A19103F-16F7-4668-BE54-9A1E7A4F7556}") = "ShopEcommerce.Public.HttpApi", "src\ShopEcommerce.Public.HttpApi\ShopEcommerce.Public.HttpApi.csproj", "{4076FC4B-07D4-42E8-A1A6-4F8469B132AD}"
EndProject
Project("{9A19103F-16F7-4668-BE54-9A1E7A4F7556}") = "ShopEcommerce.Public.HttpApi.Client", "src\ShopEcommerce.Public.HttpApi.Client\ShopEcommerce.Public.HttpApi.Client.csproj", "{7F4DB7BF-2580-49AF-890F-D1A486B3ABAF}"
EndProject
Project("{9A19103F-16F7-4668-BE54-9A1E7A4F7556}") = "ShopEcommerce.Public.Web", "src\ShopEcommerce.Public.Web\ShopEcommerce.Public.Web.csproj", "{FB63CF5A-C1C3-4168-B0A7-3D5965D1F833}"
EndProject
Project("{9A19103F-16F7-4668-BE54-9A1E7A4F7556}") = "ShopEcommerce.Domain.Tests", "test\ShopEcommerce.Domain.Tests\ShopEcommerce.Domain.Tests.csproj", "{07766241-78B3-4F26-B574-1B47C9EFF99F}"
EndProject
Global
	GlobalSection(SolutionConfigurationPlatforms) = preSolution
		Debug|Any CPU = Debug|Any CPU
		Release|Any CPU = Release|Any CPU
	EndGlobalSection
	GlobalSection(ProjectConfigurationPlatforms) = postSolution
		{554AD327-6DBA-4F8F-96F8-81CE7A0C863F}.Debug|Any CPU.ActiveCfg = Debug|Any CPU
		{554AD327-6DBA-4F8F-96F8-81CE7A0C863F}.Debug|Any CPU.Build.0 = Debug|Any CPU
		{554AD327-6DBA-4F8F-96F8-81CE7A0C863F}.Release|Any CPU.ActiveCfg = Release|Any CPU
		{554AD327-6DBA-4F8F-96F8-81CE7A0C863F}.Release|Any CPU.Build.0 = Release|Any CPU
		{C956DD76-69C8-4A9C-83EA-D17DF83340FD}.Debug|Any CPU.ActiveCfg = Debug|Any CPU
		{C956DD76-69C8-4A9C-83EA-D17DF83340FD}.Debug|Any CPU.Build.0 = Debug|Any CPU
		{C956DD76-69C8-4A9C-83EA-D17DF83340FD}.Release|Any CPU.ActiveCfg = Release|Any CPU
		{C956DD76-69C8-4A9C-83EA-D17DF83340FD}.Release|Any CPU.Build.0 = Release|Any CPU
		{42F719ED-8413-4895-B5B4-5AB56079BC66}.Debug|Any CPU.ActiveCfg = Debug|Any CPU
		{42F719ED-8413-4895-B5B4-5AB56079BC66}.Debug|Any CPU.Build.0 = Debug|Any CPU
		{42F719ED-8413-4895-B5B4-5AB56079BC66}.Release|Any CPU.ActiveCfg = Release|Any CPU
		{42F719ED-8413-4895-B5B4-5AB56079BC66}.Release|Any CPU.Build.0 = Release|Any CPU
		{073C361E-B8F4-49F5-93CC-72A3FF49C026}.Debug|Any CPU.ActiveCfg = Debug|Any CPU
		{073C361E-B8F4-49F5-93CC-72A3FF49C026}.Debug|Any CPU.Build.0 = Debug|Any CPU
		{073C361E-B8F4-49F5-93CC-72A3FF49C026}.Release|Any CPU.ActiveCfg = Release|Any CPU
		{073C361E-B8F4-49F5-93CC-72A3FF49C026}.Release|Any CPU.Build.0 = Release|Any CPU
		{1FE30EB9-74A9-47F5-A9F6-7B1FAB672D81}.Debug|Any CPU.ActiveCfg = Debug|Any CPU
		{1FE30EB9-74A9-47F5-A9F6-7B1FAB672D81}.Debug|Any CPU.Build.0 = Debug|Any CPU
		{1FE30EB9-74A9-47F5-A9F6-7B1FAB672D81}.Release|Any CPU.ActiveCfg = Release|Any CPU
		{1FE30EB9-74A9-47F5-A9F6-7B1FAB672D81}.Release|Any CPU.Build.0 = Release|Any CPU
		{91853F21-9CD9-4132-BC29-A7D5D84FFFE7}.Debug|Any CPU.ActiveCfg = Debug|Any CPU
		{91853F21-9CD9-4132-BC29-A7D5D84FFFE7}.Debug|Any CPU.Build.0 = Debug|Any CPU
		{91853F21-9CD9-4132-BC29-A7D5D84FFFE7}.Release|Any CPU.ActiveCfg = Release|Any CPU
		{91853F21-9CD9-4132-BC29-A7D5D84FFFE7}.Release|Any CPU.Build.0 = Release|Any CPU
		{AA94D832-1CCC-4715-95A9-A483F23A1A5D}.Debug|Any CPU.ActiveCfg = Debug|Any CPU
		{AA94D832-1CCC-4715-95A9-A483F23A1A5D}.Debug|Any CPU.Build.0 = Debug|Any CPU
		{AA94D832-1CCC-4715-95A9-A483F23A1A5D}.Release|Any CPU.ActiveCfg = Release|Any CPU
		{AA94D832-1CCC-4715-95A9-A483F23A1A5D}.Release|Any CPU.Build.0 = Release|Any CPU
		{4587AF56-7F34-4F80-81E7-117AD082CB8D}.Debug|Any CPU.ActiveCfg = Debug|Any CPU
		{4587AF56-7F34-4F80-81E7-117AD082CB8D}.Debug|Any CPU.Build.0 = Debug|Any CPU
		{4587AF56-7F34-4F80-81E7-117AD082CB8D}.Release|Any CPU.ActiveCfg = Release|Any CPU
		{4587AF56-7F34-4F80-81E7-117AD082CB8D}.Release|Any CPU.Build.0 = Release|Any CPU
		{0AF7E7F0-7F93-495B-8E0A-CE2C572FE522}.Debug|Any CPU.ActiveCfg = Debug|Any CPU
		{0AF7E7F0-7F93-495B-8E0A-CE2C572FE522}.Debug|Any CPU.Build.0 = Debug|Any CPU
		{0AF7E7F0-7F93-495B-8E0A-CE2C572FE522}.Release|Any CPU.ActiveCfg = Release|Any CPU
		{0AF7E7F0-7F93-495B-8E0A-CE2C572FE522}.Release|Any CPU.Build.0 = Release|Any CPU
		{E3DED9B2-7852-4E00-9729-D13640690462}.Debug|Any CPU.ActiveCfg = Debug|Any CPU
		{E3DED9B2-7852-4E00-9729-D13640690462}.Debug|Any CPU.Build.0 = Debug|Any CPU
		{E3DED9B2-7852-4E00-9729-D13640690462}.Release|Any CPU.ActiveCfg = Release|Any CPU
		{E3DED9B2-7852-4E00-9729-D13640690462}.Release|Any CPU.Build.0 = Release|Any CPU
		{6A4A1EFB-DB42-416A-9EDA-4407F691365A}.Debug|Any CPU.ActiveCfg = Debug|Any CPU
		{6A4A1EFB-DB42-416A-9EDA-4407F691365A}.Debug|Any CPU.Build.0 = Debug|Any CPU
		{6A4A1EFB-DB42-416A-9EDA-4407F691365A}.Release|Any CPU.ActiveCfg = Release|Any CPU
		{6A4A1EFB-DB42-416A-9EDA-4407F691365A}.Release|Any CPU.Build.0 = Release|Any CPU
		{32EFE6D9-9EC2-45F4-9520-4A60AF750D0A}.Debug|Any CPU.ActiveCfg = Debug|Any CPU
		{32EFE6D9-9EC2-45F4-9520-4A60AF750D0A}.Debug|Any CPU.Build.0 = Debug|Any CPU
		{32EFE6D9-9EC2-45F4-9520-4A60AF750D0A}.Release|Any CPU.ActiveCfg = Release|Any CPU
		{32EFE6D9-9EC2-45F4-9520-4A60AF750D0A}.Release|Any CPU.Build.0 = Release|Any CPU
		{24DE0BAB-CB8E-47E9-9407-6ADBB52E850D}.Debug|Any CPU.ActiveCfg = Debug|Any CPU
		{24DE0BAB-CB8E-47E9-9407-6ADBB52E850D}.Debug|Any CPU.Build.0 = Debug|Any CPU
		{24DE0BAB-CB8E-47E9-9407-6ADBB52E850D}.Release|Any CPU.ActiveCfg = Release|Any CPU
		{24DE0BAB-CB8E-47E9-9407-6ADBB52E850D}.Release|Any CPU.Build.0 = Release|Any CPU
		{1C81B0DE-6778-49A8-8D51-6081636A7B8C}.Debug|Any CPU.ActiveCfg = Debug|Any CPU
		{1C81B0DE-6778-49A8-8D51-6081636A7B8C}.Debug|Any CPU.Build.0 = Debug|Any CPU
		{1C81B0DE-6778-49A8-8D51-6081636A7B8C}.Release|Any CPU.ActiveCfg = Release|Any CPU
		{1C81B0DE-6778-49A8-8D51-6081636A7B8C}.Release|Any CPU.Build.0 = Release|Any CPU
		{7B16593D-9237-401E-8D5A-97A6C689B427}.Debug|Any CPU.ActiveCfg = Debug|Any CPU
		{7B16593D-9237-401E-8D5A-97A6C689B427}.Debug|Any CPU.Build.0 = Debug|Any CPU
		{7B16593D-9237-401E-8D5A-97A6C689B427}.Release|Any CPU.ActiveCfg = Release|Any CPU
		{7B16593D-9237-401E-8D5A-97A6C689B427}.Release|Any CPU.Build.0 = Release|Any CPU
		{11982879-E202-4509-A16B-5B33FEA812A8}.Debug|Any CPU.ActiveCfg = Debug|Any CPU
		{11982879-E202-4509-A16B-5B33FEA812A8}.Debug|Any CPU.Build.0 = Debug|Any CPU
		{11982879-E202-4509-A16B-5B33FEA812A8}.Release|Any CPU.ActiveCfg = Release|Any CPU
		{11982879-E202-4509-A16B-5B33FEA812A8}.Release|Any CPU.Build.0 = Release|Any CPU
		{A7E8C5BA-E282-4051-B0EF-7DA946FA0457}.Debug|Any CPU.ActiveCfg = Debug|Any CPU
		{A7E8C5BA-E282-4051-B0EF-7DA946FA0457}.Debug|Any CPU.Build.0 = Debug|Any CPU
		{A7E8C5BA-E282-4051-B0EF-7DA946FA0457}.Release|Any CPU.ActiveCfg = Release|Any CPU
		{A7E8C5BA-E282-4051-B0EF-7DA946FA0457}.Release|Any CPU.Build.0 = Release|Any CPU
		{6EC56651-6F25-4894-91D5-87698C4E8273}.Debug|Any CPU.ActiveCfg = Debug|Any CPU
		{6EC56651-6F25-4894-91D5-87698C4E8273}.Debug|Any CPU.Build.0 = Debug|Any CPU
		{6EC56651-6F25-4894-91D5-87698C4E8273}.Release|Any CPU.ActiveCfg = Release|Any CPU
		{6EC56651-6F25-4894-91D5-87698C4E8273}.Release|Any CPU.Build.0 = Release|Any CPU
		{4076FC4B-07D4-42E8-A1A6-4F8469B132AD}.Debug|Any CPU.ActiveCfg = Debug|Any CPU
		{4076FC4B-07D4-42E8-A1A6-4F8469B132AD}.Debug|Any CPU.Build.0 = Debug|Any CPU
		{4076FC4B-07D4-42E8-A1A6-4F8469B132AD}.Release|Any CPU.ActiveCfg = Release|Any CPU
		{4076FC4B-07D4-42E8-A1A6-4F8469B132AD}.Release|Any CPU.Build.0 = Release|Any CPU
		{7F4DB7BF-2580-49AF-890F-D1A486B3ABAF}.Debug|Any CPU.ActiveCfg = Debug|Any CPU
		{7F4DB7BF-2580-49AF-890F-D1A486B3ABAF}.Debug|Any CPU.Build.0 = Debug|Any CPU
		{7F4DB7BF-2580-49AF-890F-D1A486B3ABAF}.Release|Any CPU.ActiveCfg = Release|Any CPU
		{7F4DB7BF-2580-49AF-890F-D1A486B3ABAF}.Release|Any CPU.Build.0 = Release|Any CPU
		{FB63CF5A-C1C3-4168-B0A7-3D5965D1F833}.Debug|Any CPU.ActiveCfg = Debug|Any CPU
		{FB63CF5A-C1C3-4168-B0A7-3D5965D1F833}.Debug|Any CPU.Build.0 = Debug|Any CPU
		{FB63CF5A-C1C3-4168-B0A7-3D5965D1F833}.Release|Any CPU.ActiveCfg = Release|Any CPU
		{FB63CF5A-C1C3-4168-B0A7-3D5965D1F833}.Release|Any CPU.Build.0 = Release|Any CPU
		{07766241-78B3-4F26-B574-1B47C9EFF99F}.Debug|Any CPU.ActiveCfg = Debug|Any CPU
		{07766241-78B3-4F26-B574-1B47C9EFF99F}.Debug|Any CPU.Build.0 = Debug|Any CPU
		{07766241-78B3-4F26-B574-1B47C9EFF99F}.Release|Any CPU.ActiveCfg = Release|Any CPU
		{07766241-78B3-4F26-B574-1B47C9EFF99F}.Release|Any CPU.Build.0 = Release|Any CPU
	EndGlobalSection
	GlobalSection(SolutionProperties) = preSolution
		HideSolutionNode = FALSE
	EndGlobalSection
	GlobalSection(NestedProjects) = preSolution
		{554AD327-6DBA-4F8F-96F8-81CE7A0C863F} = {D7EF26A8-A88F-42C6-9840-85D8598799E9}
		{C956DD76-69C8-4A9C-83EA-D17DF83340FD} = {F50F665B-4929-4CC1-8B0B-D1F34F99F8D2}
		{42F719ED-8413-4895-B5B4-5AB56079BC66} = {D7EF26A8-A88F-42C6-9840-85D8598799E9}
		{073C361E-B8F4-49F5-93CC-72A3FF49C026} = {78BE8CE2-C55E-4A35-BD41-2D04BD158FF4}
		{1FE30EB9-74A9-47F5-A9F6-7B1FAB672D81} = {AADC2997-0B91-4EB0-9668-2D9EBC23CF17}
		{91853F21-9CD9-4132-BC29-A7D5D84FFFE7} = {AADC2997-0B91-4EB0-9668-2D9EBC23CF17}
		{AA94D832-1CCC-4715-95A9-A483F23A1A5D} = {F50F665B-4929-4CC1-8B0B-D1F34F99F8D2}
		{BCA7451E-E431-4833-A9D6-AE09D89BBE66} = {CA9AC87F-097E-4F15-8393-4BC07735A5B0}
		{11991540-09AB-4B25-BD83-EEE12A54C2E4} = {CA9AC87F-097E-4F15-8393-4BC07735A5B0}
		{3E459F9E-9336-412A-941C-5EAB20550AC0} = {CA9AC87F-097E-4F15-8393-4BC07735A5B0}
		{D7EF26A8-A88F-42C6-9840-85D8598799E9} = {3E459F9E-9336-412A-941C-5EAB20550AC0}
		{F50F665B-4929-4CC1-8B0B-D1F34F99F8D2} = {3E459F9E-9336-412A-941C-5EAB20550AC0}
		{78BE8CE2-C55E-4A35-BD41-2D04BD158FF4} = {CA9AC87F-097E-4F15-8393-4BC07735A5B0}
		{4587AF56-7F34-4F80-81E7-117AD082CB8D} = {BCA7451E-E431-4833-A9D6-AE09D89BBE66}
		{0AF7E7F0-7F93-495B-8E0A-CE2C572FE522} = {BCA7451E-E431-4833-A9D6-AE09D89BBE66}
		{E3DED9B2-7852-4E00-9729-D13640690462} = {BCA7451E-E431-4833-A9D6-AE09D89BBE66}
		{6A4A1EFB-DB42-416A-9EDA-4407F691365A} = {BCA7451E-E431-4833-A9D6-AE09D89BBE66}
		{32EFE6D9-9EC2-45F4-9520-4A60AF750D0A} = {BCA7451E-E431-4833-A9D6-AE09D89BBE66}
		{A243C6DA-8273-4702-BA8C-EE516B2FE808} = {04DBDB01-70F4-4E06-B468-8F87850B22BE}
		{2DDBE507-AEF5-4B18-A628-2A0916A88539} = {04DBDB01-70F4-4E06-B468-8F87850B22BE}
		{24DE0BAB-CB8E-47E9-9407-6ADBB52E850D} = {2DDBE507-AEF5-4B18-A628-2A0916A88539}
		{1C81B0DE-6778-49A8-8D51-6081636A7B8C} = {2DDBE507-AEF5-4B18-A628-2A0916A88539}
		{AADC2997-0B91-4EB0-9668-2D9EBC23CF17} = {04DBDB01-70F4-4E06-B468-8F87850B22BE}
		{7B16593D-9237-401E-8D5A-97A6C689B427} = {A243C6DA-8273-4702-BA8C-EE516B2FE808}
		{11982879-E202-4509-A16B-5B33FEA812A8} = {A243C6DA-8273-4702-BA8C-EE516B2FE808}
		{A7E8C5BA-E282-4051-B0EF-7DA946FA0457} = {11991540-09AB-4B25-BD83-EEE12A54C2E4}
		{6EC56651-6F25-4894-91D5-87698C4E8273} = {11991540-09AB-4B25-BD83-EEE12A54C2E4}
		{4076FC4B-07D4-42E8-A1A6-4F8469B132AD} = {11991540-09AB-4B25-BD83-EEE12A54C2E4}
		{7F4DB7BF-2580-49AF-890F-D1A486B3ABAF} = {11991540-09AB-4B25-BD83-EEE12A54C2E4}
		{FB63CF5A-C1C3-4168-B0A7-3D5965D1F833} = {11991540-09AB-4B25-BD83-EEE12A54C2E4}
		{07766241-78B3-4F26-B574-1B47C9EFF99F} = {AADC2997-0B91-4EB0-9668-2D9EBC23CF17}
	EndGlobalSection
	GlobalSection(ExtensibilityGlobals) = postSolution
		SolutionGuid = {28315BFD-90E7-4E14-A2EA-F3D23AF4126F}
	EndGlobalSection
EndGlobal
